
Microsoft Visual Studio Solution File, Format Version 11.00
# Visual Studio 2010
Project("{FAE04EC0-301F-11D3-BF4B-00C04F79EFBC}") = "Microsoft.MixedReality.Toolkit", "Microsoft.MixedReality.Toolkit.csproj", "{0FBE0571-0710-A020-573E-427E5CB36C6B}"
EndProject
Project("{FAE04EC0-301F-11D3-BF4B-00C04F79EFBC}") = "Microsoft.MixedReality.Toolkit.SDK", "Microsoft.MixedReality.Toolkit.SDK.csproj", "{4A947B8D-A50D-FCF8-53A7-6DF17B0B42E5}"
EndProject
Project("{FAE04EC0-301F-11D3-BF4B-00C04F79EFBC}") = "Assembly-CSharp", "Assembly-CSharp.csproj", "{E17E3C29-CFB5-CDFB-F7D3-E697E4072935}"
EndProject
Project("{FAE04EC0-301F-11D3-BF4B-00C04F79EFBC}") = "Microsoft.MixedReality.Toolkit.Services.InputSystem", "Microsoft.MixedReality.Toolkit.Services.InputSystem.csproj", "{27E185D1-BBFF-8383-7808-35DB6A016214}"
EndProject
Project("{FAE04EC0-301F-11D3-BF4B-00C04F79EFBC}") = "Microsoft.MixedReality.Toolkit.Async", "Microsoft.MixedReality.Toolkit.Async.csproj", "{5B99C702-B3A6-64D5-1B41-7693638EE261}"
EndProject
Project("{FAE04EC0-301F-11D3-BF4B-00C04F79EFBC}") = "Microsoft.MixedReality.Toolkit.SDK.Experimental.Interactive", "Microsoft.MixedReality.Toolkit.SDK.Experimental.Interactive.csproj", "{AB1CF904-06DB-7451-5334-546885C291A3}"
EndProject
Project("{FAE04EC0-301F-11D3-BF4B-00C04F79EFBC}") = "Microsoft.MixedReality.Toolkit.Providers.OpenXR", "Microsoft.MixedReality.Toolkit.Providers.OpenXR.csproj", "{F8AAE732-0BE4-2374-FA95-4DC6EA657E28}"
EndProject
Project("{FAE04EC0-301F-11D3-BF4B-00C04F79EFBC}") = "Microsoft.MixedReality.Toolkit.Providers.LeapMotion", "Microsoft.MixedReality.Toolkit.Providers.LeapMotion.csproj", "{0824E297-CF98-AF9A-0376-A9B55192388D}"
EndProject
Project("{FAE04EC0-301F-11D3-BF4B-00C04F79EFBC}") = "Microsoft.MixedReality.Toolkit.Tests.PlayModeTests", "Microsoft.MixedReality.Toolkit.Tests.PlayModeTests.csproj", "{82BF0D74-2E4A-7B51-A196-2B23DFCA9D2B}"
EndProject
Project("{FAE04EC0-301F-11D3-BF4B-00C04F79EFBC}") = "Microsoft.MixedReality.Toolkit.Examples", "Microsoft.MixedReality.Toolkit.Examples.csproj", "{32806831-5DDF-A698-7825-25CF0F8684A7}"
EndProject
Project("{FAE04EC0-301F-11D3-BF4B-00C04F79EFBC}") = "Microsoft.MixedReality.Toolkit.Providers.UnityAR", "Microsoft.MixedReality.Toolkit.Providers.UnityAR.csproj", "{D8CD5512-EE01-03A9-2CCA-6C0B2CFD526C}"
EndProject
Project("{FAE04EC0-301F-11D3-BF4B-00C04F79EFBC}") = "Microsoft.MixedReality.Toolkit.Services.CameraSystem", "Microsoft.MixedReality.Toolkit.Services.CameraSystem.csproj", "{527C8C1F-90C9-6D25-CFFA-565A80326F52}"
EndProject
Project("{FAE04EC0-301F-11D3-BF4B-00C04F79EFBC}") = "Microsoft.MixedReality.Toolkit.Services.SceneSystem", "Microsoft.MixedReality.Toolkit.Services.SceneSystem.csproj", "{720BA974-7708-3716-5282-C763387580C8}"
EndProject
Project("{FAE04EC0-301F-11D3-BF4B-00C04F79EFBC}") = "Microsoft.MixedReality.Toolkit.Providers.WindowsSceneUnderstanding", "Microsoft.MixedReality.Toolkit.Providers.WindowsSceneUnderstanding.csproj", "{6CECE908-06DF-70E6-5716-F19D48A90C8E}"
EndProject
Project("{FAE04EC0-301F-11D3-BF4B-00C04F79EFBC}") = "Microsoft.MixedReality.Toolkit.Gltf", "Microsoft.MixedReality.Toolkit.Gltf.csproj", "{58B52DBF-591F-829C-2EEE-AA9240BF1CE2}"
EndProject
Project("{FAE04EC0-301F-11D3-BF4B-00C04F79EFBC}") = "Microsoft.MixedReality.Toolkit.Services.InputSimulation", "Microsoft.MixedReality.Toolkit.Services.InputSimulation.csproj", "{E83E2D2E-7DEE-235D-4F5A-F1FE68046BFC}"
EndProject
Project("{FAE04EC0-301F-11D3-BF4B-00C04F79EFBC}") = "Microsoft.MixedReality.Toolkit.Providers.XRSDK.WindowsMixedReality", "Microsoft.MixedReality.Toolkit.Providers.XRSDK.WindowsMixedReality.csproj", "{2EA994CA-DE0B-BE04-3D47-52018260B6C4}"
EndProject
Project("{FAE04EC0-301F-11D3-BF4B-00C04F79EFBC}") = "Microsoft.MixedReality.Toolkit.Services.InputAnimation", "Microsoft.MixedReality.Toolkit.Services.InputAnimation.csproj", "{4A89BACE-4521-9DA1-14DA-0389078DEFB5}"
EndProject
Project("{FAE04EC0-301F-11D3-BF4B-00C04F79EFBC}") = "Microsoft.MixedReality.Toolkit.Tests.Utilities", "Microsoft.MixedReality.Toolkit.Tests.Utilities.csproj", "{E367C930-FA0F-1DE2-076E-57E8B9D153C8}"
EndProject
Project("{FAE04EC0-301F-11D3-BF4B-00C04F79EFBC}") = "Microsoft.MixedReality.Toolkit.Extensions.SceneTransitionService", "Microsoft.MixedReality.Toolkit.Extensions.SceneTransitionService.csproj", "{D248E3FB-039E-9D6B-4752-8850A3004D20}"
EndProject
Project("{FAE04EC0-301F-11D3-BF4B-00C04F79EFBC}") = "Microsoft.MixedReality.Toolkit.Providers.OpenVR", "Microsoft.MixedReality.Toolkit.Providers.OpenVR.csproj", "{D74CA2C2-EA89-3F12-E53D-6C530935D5B1}"
EndProject
Project("{FAE04EC0-301F-11D3-BF4B-00C04F79EFBC}") = "Microsoft.MixedReality.Toolkit.Providers.WindowsMixedReality.Shared", "Microsoft.MixedReality.Toolkit.Providers.WindowsMixedReality.Shared.csproj", "{A80A6548-A19C-79CE-1F87-7A8ECA76C737}"
EndProject
Project("{FAE04EC0-301F-11D3-BF4B-00C04F79EFBC}") = "SimpleFileBrowser.Runtime", "SimpleFileBrowser.Runtime.csproj", "{8C53A26E-C382-74BA-6001-EBB0F43CFADD}"
EndProject
Project("{FAE04EC0-301F-11D3-BF4B-00C04F79EFBC}") = "Microsoft.MixedReality.Toolkit.Extensions.Tracking", "Microsoft.MixedReality.Toolkit.Extensions.Tracking.csproj", "{49FE335A-79A0-0F0D-187D-3ABFBC188699}"
EndProject
Project("{FAE04EC0-301F-11D3-BF4B-00C04F79EFBC}") = "Microsoft.MixedReality.Toolkit.Extensions.HandPhysics", "Microsoft.MixedReality.Toolkit.Extensions.HandPhysics.csproj", "{7FDE7CBB-7C2A-9890-2569-FC42A0C4522F}"
EndProject
Project("{FAE04EC0-301F-11D3-BF4B-00C04F79EFBC}") = "Microsoft.MixedReality.Toolkit.Providers.XRSDK", "Microsoft.MixedReality.Toolkit.Providers.XRSDK.csproj", "{97B5B94A-A99A-4DFD-A5C1-A9440B0F7F49}"
EndProject
Project("{FAE04EC0-301F-11D3-BF4B-00C04F79EFBC}") = "Microsoft.MixedReality.Toolkit.Services.DiagnosticsSystem", "Microsoft.MixedReality.Toolkit.Services.DiagnosticsSystem.csproj", "{72448BF6-0C72-5F1F-758B-F92CB368B302}"
EndProject
Project("{FAE04EC0-301F-11D3-BF4B-00C04F79EFBC}") = "Microsoft.MixedReality.Toolkit.Demos.Gltf", "Microsoft.MixedReality.Toolkit.Demos.Gltf.csproj", "{AB0669C7-9786-A514-E4DD-4ABBFDDF1E95}"
EndProject
Project("{FAE04EC0-301F-11D3-BF4B-00C04F79EFBC}") = "Microsoft.MixedReality.Toolkit.Demos.UX.Interactables", "Microsoft.MixedReality.Toolkit.Demos.UX.Interactables.csproj", "{F4EF0E69-72FE-EC49-6919-C6370A46486F}"
EndProject
Project("{FAE04EC0-301F-11D3-BF4B-00C04F79EFBC}") = "Microsoft.MixedReality.Toolkit.Providers.XRSDK.Oculus", "Microsoft.MixedReality.Toolkit.Providers.XRSDK.Oculus.csproj", "{9AA340BA-AC88-9A8C-435A-AD34054C2A2A}"
EndProject
Project("{FAE04EC0-301F-11D3-BF4B-00C04F79EFBC}") = "Microsoft.MixedReality.Toolkit.Services.SpatialAwarenessSystem", "Microsoft.MixedReality.Toolkit.Services.SpatialAwarenessSystem.csproj", "{60D1BC7C-8C76-38FB-1BFE-D9CED2D0BDEC}"
EndProject
Project("{FAE04EC0-301F-11D3-BF4B-00C04F79EFBC}") = "Microsoft.MixedReality.Toolkit.Providers.WindowsVoiceInput", "Microsoft.MixedReality.Toolkit.Providers.WindowsVoiceInput.csproj", "{45071602-D4F9-3713-A07C-77449E67CB8A}"
EndProject
Project("{FAE04EC0-301F-11D3-BF4B-00C04F79EFBC}") = "Microsoft.MixedReality.Toolkit.Demos.InspectorFields", "Microsoft.MixedReality.Toolkit.Demos.InspectorFields.csproj", "{EEFB0D34-8276-DA64-F570-FB70FC2D0EEE}"
EndProject
Project("{FAE04EC0-301F-11D3-BF4B-00C04F79EFBC}") = "Microsoft.MixedReality.Toolkit.Tools.Runtime", "Microsoft.MixedReality.Toolkit.Tools.Runtime.csproj", "{D62F1246-7644-2AE6-6EC1-4060CF85C69E}"
EndProject
Project("{FAE04EC0-301F-11D3-BF4B-00C04F79EFBC}") = "Microsoft.MixedReality.Toolkit.Services.TeleportSystem", "Microsoft.MixedReality.Toolkit.Services.TeleportSystem.csproj", "{757E78F5-675B-F2DC-37B7-B41BA8D49450}"
EndProject
Project("{FAE04EC0-301F-11D3-BF4B-00C04F79EFBC}") = "Microsoft.MixedReality.Toolkit.Editor.Inspectors", "Microsoft.MixedReality.Toolkit.Editor.Inspectors.csproj", "{04BE4686-6031-8EE3-EA2F-F21DFA57F938}"
EndProject
Project("{FAE04EC0-301F-11D3-BF4B-00C04F79EFBC}") = "Microsoft.MixedReality.Toolkit.Tests.EditModeTests", "Microsoft.MixedReality.Toolkit.Tests.EditModeTests.csproj", "{AE3D152B-D0C2-C7FA-364D-4765E3677608}"
EndProject
Project("{FAE04EC0-301F-11D3-BF4B-00C04F79EFBC}") = "Microsoft.MixedReality.Toolkit.Services.InputSystem.Editor", "Microsoft.MixedReality.Toolkit.Services.InputSystem.Editor.csproj", "{46341639-E7AC-38B7-807C-E483C40EE24E}"
EndProject
Project("{FAE04EC0-301F-11D3-BF4B-00C04F79EFBC}") = "Microsoft.MixedReality.Toolkit.SDK.Editor", "Microsoft.MixedReality.Toolkit.SDK.Editor.csproj", "{C3806BCB-1676-09B7-3CD9-22DBB39BCE60}"
EndProject
Project("{FAE04EC0-301F-11D3-BF4B-00C04F79EFBC}") = "Microsoft.MixedReality.Toolkit.Editor.Utilities", "Microsoft.MixedReality.Toolkit.Editor.Utilities.csproj", "{4C23963D-F5B7-00D2-6513-3F9B539EEBF3}"
EndProject
Project("{FAE04EC0-301F-11D3-BF4B-00C04F79EFBC}") = "Microsoft.MixedReality.Toolkit.Gltf.Importers", "Microsoft.MixedReality.Toolkit.Gltf.Importers.csproj", "{F53B971B-1F1E-CDBD-989D-72E26E4395BE}"
EndProject
Project("{FAE04EC0-301F-11D3-BF4B-00C04F79EFBC}") = "Microsoft.MixedReality.Toolkit.MSBuild", "Microsoft.MixedReality.Toolkit.MSBuild.csproj", "{27842513-4343-2E65-F71E-1A01719A9502}"
EndProject
Project("{FAE04EC0-301F-11D3-BF4B-00C04F79EFBC}") = "Microsoft.MixedReality.Toolkit.Editor.BuildAndDeploy", "Microsoft.MixedReality.Toolkit.Editor.BuildAndDeploy.csproj", "{4C7F3FA1-06E6-DAC1-92A4-15D8488225B4}"
EndProject
Project("{FAE04EC0-301F-11D3-BF4B-00C04F79EFBC}") = "Microsoft.MixedReality.Toolkit.Providers.ObjectMeshObserver", "Microsoft.MixedReality.Toolkit.Providers.ObjectMeshObserver.csproj", "{67DFEC7F-209E-DA4D-8F17-65E7CDC83FA3}"
EndProject
Project("{FAE04EC0-301F-11D3-BF4B-00C04F79EFBC}") = "Microsoft.MixedReality.Toolkit.Tools", "Microsoft.MixedReality.Toolkit.Tools.csproj", "{DEFCDF45-498F-A4FB-4B63-11C6346E7861}"
EndProject
Project("{FAE04EC0-301F-11D3-BF4B-00C04F79EFBC}") = "Microsoft.MixedReality.Toolkit.Editor.ServiceInspectors", "Microsoft.MixedReality.Toolkit.Editor.ServiceInspectors.csproj", "{8C6CB56A-A90B-AAA4-4AAB-94E4AFA93982}"
EndProject
Project("{FAE04EC0-301F-11D3-BF4B-00C04F79EFBC}") = "Microsoft.MixedReality.Toolkit.Providers.WindowsMixedReality.Editor", "Microsoft.MixedReality.Toolkit.Providers.WindowsMixedReality.Editor.csproj", "{6CE7AEDC-4F4C-2FA4-61FB-AFD5C5C98617}"
EndProject
Project("{FAE04EC0-301F-11D3-BF4B-00C04F79EFBC}") = "Microsoft.MixedReality.Toolkit.StandardAssets.Editor", "Microsoft.MixedReality.Toolkit.StandardAssets.Editor.csproj", "{78CDC8D2-58F3-BA6F-A644-DF5241B21465}"
EndProject
Project("{FAE04EC0-301F-11D3-BF4B-00C04F79EFBC}") = "Microsoft.MixedReality.Toolkit.SDK.Experimental.Editor.Interactive", "Microsoft.MixedReality.Toolkit.SDK.Experimental.Editor.Interactive.csproj", "{6BDC44CC-09A5-CB49-71ED-1B82758C8CE5}"
EndProject
Project("{FAE04EC0-301F-11D3-BF4B-00C04F79EFBC}") = "Microsoft.MixedReality.Toolkit.Demos.StandardShader.Inspectors", "Microsoft.MixedReality.Toolkit.Demos.StandardShader.Inspectors.csproj", "{C7C27C96-21D0-DF7B-DF10-4EED33998836}"
EndProject
Project("{FAE04EC0-301F-11D3-BF4B-00C04F79EFBC}") = "Microsoft.MixedReality.Toolkit.Services.InputSimulation.Editor", "Microsoft.MixedReality.Toolkit.Services.InputSimulation.Editor.csproj", "{C1267836-19A6-9C2A-466A-5425A229D4C4}"
EndProject
Project("{FAE04EC0-301F-11D3-BF4B-00C04F79EFBC}") = "Microsoft.MixedReality.Toolkit.Editor.ClassExtensions", "Microsoft.MixedReality.Toolkit.Editor.ClassExtensions.csproj", "{10773C38-3548-3A2D-51FF-1038CA18E1C1}"
EndProject
Project("{FAE04EC0-301F-11D3-BF4B-00C04F79EFBC}") = "Microsoft.MixedReality.Toolkit.Providers.UnityAR.Editor", "Microsoft.MixedReality.Toolkit.Providers.UnityAR.Editor.csproj", "{0AD13135-E73D-4E32-7310-84DB3E7FB8ED}"
EndProject
Project("{FAE04EC0-301F-11D3-BF4B-00C04F79EFBC}") = "Microsoft.MixedReality.Toolkit.Extensions.Tracking.Editor", "Microsoft.MixedReality.Toolkit.Extensions.Tracking.Editor.csproj", "{074C6648-A191-845F-C7F9-47C8A9F31C45}"
EndProject
Project("{FAE04EC0-301F-11D3-BF4B-00C04F79EFBC}") = "Microsoft.MixedReality.Toolkit.Demos.InspectorFields.Inspectors", "Microsoft.MixedReality.Toolkit.Demos.InspectorFields.Inspectors.csproj", "{6A43C49A-A40C-7664-72E1-6DCCD7A4EF1E}"
EndProject
Project("{FAE04EC0-301F-11D3-BF4B-00C04F79EFBC}") = "Microsoft.MixedReality.Toolkit.SDK.Experimental.Editor", "Microsoft.MixedReality.Toolkit.SDK.Experimental.Editor.csproj", "{183F3C4D-2BAF-BC77-3C35-C880E74FBE1A}"
EndProject
Project("{FAE04EC0-301F-11D3-BF4B-00C04F79EFBC}") = "Microsoft.MixedReality.Toolkit.Providers.LeapMotion.Editor", "Microsoft.MixedReality.Toolkit.Providers.LeapMotion.Editor.csproj", "{5E36A31B-94B0-68F5-9202-75853FC5CDCA}"
EndProject
Project("{FAE04EC0-301F-11D3-BF4B-00C04F79EFBC}") = "Microsoft.MixedReality.Toolkit.Examples.Editor.Dwell", "Microsoft.MixedReality.Toolkit.Examples.Editor.Dwell.csproj", "{5930AA66-B7F1-63C7-4091-B1BB4A81E472}"
EndProject
Project("{FAE04EC0-301F-11D3-BF4B-00C04F79EFBC}") = "Microsoft.MixedReality.Toolkit.Providers.XRSDK.Oculus.Handtracking.Editor", "Microsoft.MixedReality.Toolkit.Providers.XRSDK.Oculus.Handtracking.Editor.csproj", "{79EC6A34-D2F1-259A-CC96-B465B1994708}"
EndProject
Project("{FAE04EC0-301F-11D3-BF4B-00C04F79EFBC}") = "Microsoft.MixedReality.Toolkit.Demos.Gltf.Inspectors", "Microsoft.MixedReality.Toolkit.Demos.Gltf.Inspectors.csproj", "{E0C5ABA7-583B-A943-87DE-19CB1415E678}"
EndProject
Project("{FAE04EC0-301F-11D3-BF4B-00C04F79EFBC}") = "Microsoft.MixedReality.Toolkit.Providers.WindowsSceneUnderstanding.Editor", "Microsoft.MixedReality.Toolkit.Providers.WindowsSceneUnderstanding.Editor.csproj", "{5B2F7EB8-5424-9388-D0B2-6C58E8E4A056}"
EndProject
Global
	GlobalSection(SolutionConfigurationPlatforms) = preSolution
		Debug|Any CPU = Debug|Any CPU
		Release|Any CPU = Release|Any CPU
	EndGlobalSection
	GlobalSection(ProjectConfigurationPlatforms) = postSolution
		{0FBE0571-0710-A020-573E-427E5CB36C6B}.Debug|Any CPU.ActiveCfg = Debug|Any CPU
		{0FBE0571-0710-A020-573E-427E5CB36C6B}.Debug|Any CPU.Build.0 = Debug|Any CPU
		{0FBE0571-0710-A020-573E-427E5CB36C6B}.Release|Any CPU.ActiveCfg = Release|Any CPU
		{0FBE0571-0710-A020-573E-427E5CB36C6B}.Release|Any CPU.Build.0 = Release|Any CPU
		{4A947B8D-A50D-FCF8-53A7-6DF17B0B42E5}.Debug|Any CPU.ActiveCfg = Debug|Any CPU
		{4A947B8D-A50D-FCF8-53A7-6DF17B0B42E5}.Debug|Any CPU.Build.0 = Debug|Any CPU
		{4A947B8D-A50D-FCF8-53A7-6DF17B0B42E5}.Release|Any CPU.ActiveCfg = Release|Any CPU
		{4A947B8D-A50D-FCF8-53A7-6DF17B0B42E5}.Release|Any CPU.Build.0 = Release|Any CPU
		{E17E3C29-CFB5-CDFB-F7D3-E697E4072935}.Debug|Any CPU.ActiveCfg = Debug|Any CPU
		{E17E3C29-CFB5-CDFB-F7D3-E697E4072935}.Debug|Any CPU.Build.0 = Debug|Any CPU
		{E17E3C29-CFB5-CDFB-F7D3-E697E4072935}.Release|Any CPU.ActiveCfg = Release|Any CPU
		{E17E3C29-CFB5-CDFB-F7D3-E697E4072935}.Release|Any CPU.Build.0 = Release|Any CPU
		{27E185D1-BBFF-8383-7808-35DB6A016214}.Debug|Any CPU.ActiveCfg = Debug|Any CPU
		{27E185D1-BBFF-8383-7808-35DB6A016214}.Debug|Any CPU.Build.0 = Debug|Any CPU
		{27E185D1-BBFF-8383-7808-35DB6A016214}.Release|Any CPU.ActiveCfg = Release|Any CPU
		{27E185D1-BBFF-8383-7808-35DB6A016214}.Release|Any CPU.Build.0 = Release|Any CPU
		{5B99C702-B3A6-64D5-1B41-7693638EE261}.Debug|Any CPU.ActiveCfg = Debug|Any CPU
		{5B99C702-B3A6-64D5-1B41-7693638EE261}.Debug|Any CPU.Build.0 = Debug|Any CPU
		{5B99C702-B3A6-64D5-1B41-7693638EE261}.Release|Any CPU.ActiveCfg = Release|Any CPU
		{5B99C702-B3A6-64D5-1B41-7693638EE261}.Release|Any CPU.Build.0 = Release|Any CPU
		{AB1CF904-06DB-7451-5334-546885C291A3}.Debug|Any CPU.ActiveCfg = Debug|Any CPU
		{AB1CF904-06DB-7451-5334-546885C291A3}.Debug|Any CPU.Build.0 = Debug|Any CPU
		{AB1CF904-06DB-7451-5334-546885C291A3}.Release|Any CPU.ActiveCfg = Release|Any CPU
		{AB1CF904-06DB-7451-5334-546885C291A3}.Release|Any CPU.Build.0 = Release|Any CPU
		{F8AAE732-0BE4-2374-FA95-4DC6EA657E28}.Debug|Any CPU.ActiveCfg = Debug|Any CPU
		{F8AAE732-0BE4-2374-FA95-4DC6EA657E28}.Debug|Any CPU.Build.0 = Debug|Any CPU
		{F8AAE732-0BE4-2374-FA95-4DC6EA657E28}.Release|Any CPU.ActiveCfg = Release|Any CPU
		{F8AAE732-0BE4-2374-FA95-4DC6EA657E28}.Release|Any CPU.Build.0 = Release|Any CPU
		{0824E297-CF98-AF9A-0376-A9B55192388D}.Debug|Any CPU.ActiveCfg = Debug|Any CPU
		{0824E297-CF98-AF9A-0376-A9B55192388D}.Debug|Any CPU.Build.0 = Debug|Any CPU
		{0824E297-CF98-AF9A-0376-A9B55192388D}.Release|Any CPU.ActiveCfg = Release|Any CPU
		{0824E297-CF98-AF9A-0376-A9B55192388D}.Release|Any CPU.Build.0 = Release|Any CPU
		{82BF0D74-2E4A-7B51-A196-2B23DFCA9D2B}.Debug|Any CPU.ActiveCfg = Debug|Any CPU
		{82BF0D74-2E4A-7B51-A196-2B23DFCA9D2B}.Debug|Any CPU.Build.0 = Debug|Any CPU
		{82BF0D74-2E4A-7B51-A196-2B23DFCA9D2B}.Release|Any CPU.ActiveCfg = Release|Any CPU
		{82BF0D74-2E4A-7B51-A196-2B23DFCA9D2B}.Release|Any CPU.Build.0 = Release|Any CPU
		{32806831-5DDF-A698-7825-25CF0F8684A7}.Debug|Any CPU.ActiveCfg = Debug|Any CPU
		{32806831-5DDF-A698-7825-25CF0F8684A7}.Debug|Any CPU.Build.0 = Debug|Any CPU
		{32806831-5DDF-A698-7825-25CF0F8684A7}.Release|Any CPU.ActiveCfg = Release|Any CPU
		{32806831-5DDF-A698-7825-25CF0F8684A7}.Release|Any CPU.Build.0 = Release|Any CPU
		{D8CD5512-EE01-03A9-2CCA-6C0B2CFD526C}.Debug|Any CPU.ActiveCfg = Debug|Any CPU
		{D8CD5512-EE01-03A9-2CCA-6C0B2CFD526C}.Debug|Any CPU.Build.0 = Debug|Any CPU
		{D8CD5512-EE01-03A9-2CCA-6C0B2CFD526C}.Release|Any CPU.ActiveCfg = Release|Any CPU
		{D8CD5512-EE01-03A9-2CCA-6C0B2CFD526C}.Release|Any CPU.Build.0 = Release|Any CPU
		{527C8C1F-90C9-6D25-CFFA-565A80326F52}.Debug|Any CPU.ActiveCfg = Debug|Any CPU
		{527C8C1F-90C9-6D25-CFFA-565A80326F52}.Debug|Any CPU.Build.0 = Debug|Any CPU
		{527C8C1F-90C9-6D25-CFFA-565A80326F52}.Release|Any CPU.ActiveCfg = Release|Any CPU
		{527C8C1F-90C9-6D25-CFFA-565A80326F52}.Release|Any CPU.Build.0 = Release|Any CPU
		{720BA974-7708-3716-5282-C763387580C8}.Debug|Any CPU.ActiveCfg = Debug|Any CPU
		{720BA974-7708-3716-5282-C763387580C8}.Debug|Any CPU.Build.0 = Debug|Any CPU
		{720BA974-7708-3716-5282-C763387580C8}.Release|Any CPU.ActiveCfg = Release|Any CPU
		{720BA974-7708-3716-5282-C763387580C8}.Release|Any CPU.Build.0 = Release|Any CPU
		{6CECE908-06DF-70E6-5716-F19D48A90C8E}.Debug|Any CPU.ActiveCfg = Debug|Any CPU
		{6CECE908-06DF-70E6-5716-F19D48A90C8E}.Debug|Any CPU.Build.0 = Debug|Any CPU
		{6CECE908-06DF-70E6-5716-F19D48A90C8E}.Release|Any CPU.ActiveCfg = Release|Any CPU
		{6CECE908-06DF-70E6-5716-F19D48A90C8E}.Release|Any CPU.Build.0 = Release|Any CPU
		{58B52DBF-591F-829C-2EEE-AA9240BF1CE2}.Debug|Any CPU.ActiveCfg = Debug|Any CPU
		{58B52DBF-591F-829C-2EEE-AA9240BF1CE2}.Debug|Any CPU.Build.0 = Debug|Any CPU
		{58B52DBF-591F-829C-2EEE-AA9240BF1CE2}.Release|Any CPU.ActiveCfg = Release|Any CPU
		{58B52DBF-591F-829C-2EEE-AA9240BF1CE2}.Release|Any CPU.Build.0 = Release|Any CPU
		{E83E2D2E-7DEE-235D-4F5A-F1FE68046BFC}.Debug|Any CPU.ActiveCfg = Debug|Any CPU
		{E83E2D2E-7DEE-235D-4F5A-F1FE68046BFC}.Debug|Any CPU.Build.0 = Debug|Any CPU
		{E83E2D2E-7DEE-235D-4F5A-F1FE68046BFC}.Release|Any CPU.ActiveCfg = Release|Any CPU
		{E83E2D2E-7DEE-235D-4F5A-F1FE68046BFC}.Release|Any CPU.Build.0 = Release|Any CPU
		{2EA994CA-DE0B-BE04-3D47-52018260B6C4}.Debug|Any CPU.ActiveCfg = Debug|Any CPU
		{2EA994CA-DE0B-BE04-3D47-52018260B6C4}.Debug|Any CPU.Build.0 = Debug|Any CPU
		{2EA994CA-DE0B-BE04-3D47-52018260B6C4}.Release|Any CPU.ActiveCfg = Release|Any CPU
		{2EA994CA-DE0B-BE04-3D47-52018260B6C4}.Release|Any CPU.Build.0 = Release|Any CPU
		{4A89BACE-4521-9DA1-14DA-0389078DEFB5}.Debug|Any CPU.ActiveCfg = Debug|Any CPU
		{4A89BACE-4521-9DA1-14DA-0389078DEFB5}.Debug|Any CPU.Build.0 = Debug|Any CPU
		{4A89BACE-4521-9DA1-14DA-0389078DEFB5}.Release|Any CPU.ActiveCfg = Release|Any CPU
		{4A89BACE-4521-9DA1-14DA-0389078DEFB5}.Release|Any CPU.Build.0 = Release|Any CPU
		{E367C930-FA0F-1DE2-076E-57E8B9D153C8}.Debug|Any CPU.ActiveCfg = Debug|Any CPU
		{E367C930-FA0F-1DE2-076E-57E8B9D153C8}.Debug|Any CPU.Build.0 = Debug|Any CPU
		{E367C930-FA0F-1DE2-076E-57E8B9D153C8}.Release|Any CPU.ActiveCfg = Release|Any CPU
		{E367C930-FA0F-1DE2-076E-57E8B9D153C8}.Release|Any CPU.Build.0 = Release|Any CPU
		{D248E3FB-039E-9D6B-4752-8850A3004D20}.Debug|Any CPU.ActiveCfg = Debug|Any CPU
		{D248E3FB-039E-9D6B-4752-8850A3004D20}.Debug|Any CPU.Build.0 = Debug|Any CPU
		{D248E3FB-039E-9D6B-4752-8850A3004D20}.Release|Any CPU.ActiveCfg = Release|Any CPU
		{D248E3FB-039E-9D6B-4752-8850A3004D20}.Release|Any CPU.Build.0 = Release|Any CPU
		{D74CA2C2-EA89-3F12-E53D-6C530935D5B1}.Debug|Any CPU.ActiveCfg = Debug|Any CPU
		{D74CA2C2-EA89-3F12-E53D-6C530935D5B1}.Debug|Any CPU.Build.0 = Debug|Any CPU
		{D74CA2C2-EA89-3F12-E53D-6C530935D5B1}.Release|Any CPU.ActiveCfg = Release|Any CPU
		{D74CA2C2-EA89-3F12-E53D-6C530935D5B1}.Release|Any CPU.Build.0 = Release|Any CPU
		{A80A6548-A19C-79CE-1F87-7A8ECA76C737}.Debug|Any CPU.ActiveCfg = Debug|Any CPU
		{A80A6548-A19C-79CE-1F87-7A8ECA76C737}.Debug|Any CPU.Build.0 = Debug|Any CPU
		{A80A6548-A19C-79CE-1F87-7A8ECA76C737}.Release|Any CPU.ActiveCfg = Release|Any CPU
		{A80A6548-A19C-79CE-1F87-7A8ECA76C737}.Release|Any CPU.Build.0 = Release|Any CPU
		{8C53A26E-C382-74BA-6001-EBB0F43CFADD}.Debug|Any CPU.ActiveCfg = Debug|Any CPU
		{8C53A26E-C382-74BA-6001-EBB0F43CFADD}.Debug|Any CPU.Build.0 = Debug|Any CPU
		{8C53A26E-C382-74BA-6001-EBB0F43CFADD}.Release|Any CPU.ActiveCfg = Release|Any CPU
		{8C53A26E-C382-74BA-6001-EBB0F43CFADD}.Release|Any CPU.Build.0 = Release|Any CPU
		{49FE335A-79A0-0F0D-187D-3ABFBC188699}.Debug|Any CPU.ActiveCfg = Debug|Any CPU
		{49FE335A-79A0-0F0D-187D-3ABFBC188699}.Debug|Any CPU.Build.0 = Debug|Any CPU
		{49FE335A-79A0-0F0D-187D-3ABFBC188699}.Release|Any CPU.ActiveCfg = Release|Any CPU
		{49FE335A-79A0-0F0D-187D-3ABFBC188699}.Release|Any CPU.Build.0 = Release|Any CPU
		{7FDE7CBB-7C2A-9890-2569-FC42A0C4522F}.Debug|Any CPU.ActiveCfg = Debug|Any CPU
		{7FDE7CBB-7C2A-9890-2569-FC42A0C4522F}.Debug|Any CPU.Build.0 = Debug|Any CPU
		{7FDE7CBB-7C2A-9890-2569-FC42A0C4522F}.Release|Any CPU.ActiveCfg = Release|Any CPU
		{7FDE7CBB-7C2A-9890-2569-FC42A0C4522F}.Release|Any CPU.Build.0 = Release|Any CPU
		{97B5B94A-A99A-4DFD-A5C1-A9440B0F7F49}.Debug|Any CPU.ActiveCfg = Debug|Any CPU
		{97B5B94A-A99A-4DFD-A5C1-A9440B0F7F49}.Debug|Any CPU.Build.0 = Debug|Any CPU
		{97B5B94A-A99A-4DFD-A5C1-A9440B0F7F49}.Release|Any CPU.ActiveCfg = Release|Any CPU
		{97B5B94A-A99A-4DFD-A5C1-A9440B0F7F49}.Release|Any CPU.Build.0 = Release|Any CPU
		{72448BF6-0C72-5F1F-758B-F92CB368B302}.Debug|Any CPU.ActiveCfg = Debug|Any CPU
		{72448BF6-0C72-5F1F-758B-F92CB368B302}.Debug|Any CPU.Build.0 = Debug|Any CPU
		{72448BF6-0C72-5F1F-758B-F92CB368B302}.Release|Any CPU.ActiveCfg = Release|Any CPU
		{72448BF6-0C72-5F1F-758B-F92CB368B302}.Release|Any CPU.Build.0 = Release|Any CPU
		{AB0669C7-9786-A514-E4DD-4ABBFDDF1E95}.Debug|Any CPU.ActiveCfg = Debug|Any CPU
		{AB0669C7-9786-A514-E4DD-4ABBFDDF1E95}.Debug|Any CPU.Build.0 = Debug|Any CPU
		{AB0669C7-9786-A514-E4DD-4ABBFDDF1E95}.Release|Any CPU.ActiveCfg = Release|Any CPU
		{AB0669C7-9786-A514-E4DD-4ABBFDDF1E95}.Release|Any CPU.Build.0 = Release|Any CPU
		{F4EF0E69-72FE-EC49-6919-C6370A46486F}.Debug|Any CPU.ActiveCfg = Debug|Any CPU
		{F4EF0E69-72FE-EC49-6919-C6370A46486F}.Debug|Any CPU.Build.0 = Debug|Any CPU
		{F4EF0E69-72FE-EC49-6919-C6370A46486F}.Release|Any CPU.ActiveCfg = Release|Any CPU
		{F4EF0E69-72FE-EC49-6919-C6370A46486F}.Release|Any CPU.Build.0 = Release|Any CPU
		{9AA340BA-AC88-9A8C-435A-AD34054C2A2A}.Debug|Any CPU.ActiveCfg = Debug|Any CPU
		{9AA340BA-AC88-9A8C-435A-AD34054C2A2A}.Debug|Any CPU.Build.0 = Debug|Any CPU
		{9AA340BA-AC88-9A8C-435A-AD34054C2A2A}.Release|Any CPU.ActiveCfg = Release|Any CPU
		{9AA340BA-AC88-9A8C-435A-AD34054C2A2A}.Release|Any CPU.Build.0 = Release|Any CPU
		{60D1BC7C-8C76-38FB-1BFE-D9CED2D0BDEC}.Debug|Any CPU.ActiveCfg = Debug|Any CPU
		{60D1BC7C-8C76-38FB-1BFE-D9CED2D0BDEC}.Debug|Any CPU.Build.0 = Debug|Any CPU
		{60D1BC7C-8C76-38FB-1BFE-D9CED2D0BDEC}.Release|Any CPU.ActiveCfg = Release|Any CPU
		{60D1BC7C-8C76-38FB-1BFE-D9CED2D0BDEC}.Release|Any CPU.Build.0 = Release|Any CPU
		{45071602-D4F9-3713-A07C-77449E67CB8A}.Debug|Any CPU.ActiveCfg = Debug|Any CPU
		{45071602-D4F9-3713-A07C-77449E67CB8A}.Debug|Any CPU.Build.0 = Debug|Any CPU
		{45071602-D4F9-3713-A07C-77449E67CB8A}.Release|Any CPU.ActiveCfg = Release|Any CPU
		{45071602-D4F9-3713-A07C-77449E67CB8A}.Release|Any CPU.Build.0 = Release|Any CPU
		{EEFB0D34-8276-DA64-F570-FB70FC2D0EEE}.Debug|Any CPU.ActiveCfg = Debug|Any CPU
		{EEFB0D34-8276-DA64-F570-FB70FC2D0EEE}.Debug|Any CPU.Build.0 = Debug|Any CPU
		{EEFB0D34-8276-DA64-F570-FB70FC2D0EEE}.Release|Any CPU.ActiveCfg = Release|Any CPU
		{EEFB0D34-8276-DA64-F570-FB70FC2D0EEE}.Release|Any CPU.Build.0 = Release|Any CPU
		{D62F1246-7644-2AE6-6EC1-4060CF85C69E}.Debug|Any CPU.ActiveCfg = Debug|Any CPU
		{D62F1246-7644-2AE6-6EC1-4060CF85C69E}.Debug|Any CPU.Build.0 = Debug|Any CPU
		{D62F1246-7644-2AE6-6EC1-4060CF85C69E}.Release|Any CPU.ActiveCfg = Release|Any CPU
		{D62F1246-7644-2AE6-6EC1-4060CF85C69E}.Release|Any CPU.Build.0 = Release|Any CPU
		{757E78F5-675B-F2DC-37B7-B41BA8D49450}.Debug|Any CPU.ActiveCfg = Debug|Any CPU
		{757E78F5-675B-F2DC-37B7-B41BA8D49450}.Debug|Any CPU.Build.0 = Debug|Any CPU
		{757E78F5-675B-F2DC-37B7-B41BA8D49450}.Release|Any CPU.ActiveCfg = Release|Any CPU
		{757E78F5-675B-F2DC-37B7-B41BA8D49450}.Release|Any CPU.Build.0 = Release|Any CPU
		{04BE4686-6031-8EE3-EA2F-F21DFA57F938}.Debug|Any CPU.ActiveCfg = Debug|Any CPU
		{04BE4686-6031-8EE3-EA2F-F21DFA57F938}.Debug|Any CPU.Build.0 = Debug|Any CPU
		{04BE4686-6031-8EE3-EA2F-F21DFA57F938}.Release|Any CPU.ActiveCfg = Release|Any CPU
		{04BE4686-6031-8EE3-EA2F-F21DFA57F938}.Release|Any CPU.Build.0 = Release|Any CPU
		{AE3D152B-D0C2-C7FA-364D-4765E3677608}.Debug|Any CPU.ActiveCfg = Debug|Any CPU
		{AE3D152B-D0C2-C7FA-364D-4765E3677608}.Debug|Any CPU.Build.0 = Debug|Any CPU
		{AE3D152B-D0C2-C7FA-364D-4765E3677608}.Release|Any CPU.ActiveCfg = Release|Any CPU
		{AE3D152B-D0C2-C7FA-364D-4765E3677608}.Release|Any CPU.Build.0 = Release|Any CPU
		{46341639-E7AC-38B7-807C-E483C40EE24E}.Debug|Any CPU.ActiveCfg = Debug|Any CPU
		{46341639-E7AC-38B7-807C-E483C40EE24E}.Debug|Any CPU.Build.0 = Debug|Any CPU
		{46341639-E7AC-38B7-807C-E483C40EE24E}.Release|Any CPU.ActiveCfg = Release|Any CPU
		{46341639-E7AC-38B7-807C-E483C40EE24E}.Release|Any CPU.Build.0 = Release|Any CPU
		{C3806BCB-1676-09B7-3CD9-22DBB39BCE60}.Debug|Any CPU.ActiveCfg = Debug|Any CPU
		{C3806BCB-1676-09B7-3CD9-22DBB39BCE60}.Debug|Any CPU.Build.0 = Debug|Any CPU
		{C3806BCB-1676-09B7-3CD9-22DBB39BCE60}.Release|Any CPU.ActiveCfg = Release|Any CPU
		{C3806BCB-1676-09B7-3CD9-22DBB39BCE60}.Release|Any CPU.Build.0 = Release|Any CPU
		{4C23963D-F5B7-00D2-6513-3F9B539EEBF3}.Debug|Any CPU.ActiveCfg = Debug|Any CPU
		{4C23963D-F5B7-00D2-6513-3F9B539EEBF3}.Debug|Any CPU.Build.0 = Debug|Any CPU
		{4C23963D-F5B7-00D2-6513-3F9B539EEBF3}.Release|Any CPU.ActiveCfg = Release|Any CPU
		{4C23963D-F5B7-00D2-6513-3F9B539EEBF3}.Release|Any CPU.Build.0 = Release|Any CPU
		{F53B971B-1F1E-CDBD-989D-72E26E4395BE}.Debug|Any CPU.ActiveCfg = Debug|Any CPU
		{F53B971B-1F1E-CDBD-989D-72E26E4395BE}.Debug|Any CPU.Build.0 = Debug|Any CPU
		{F53B971B-1F1E-CDBD-989D-72E26E4395BE}.Release|Any CPU.ActiveCfg = Release|Any CPU
		{F53B971B-1F1E-CDBD-989D-72E26E4395BE}.Release|Any CPU.Build.0 = Release|Any CPU
		{27842513-4343-2E65-F71E-1A01719A9502}.Debug|Any CPU.ActiveCfg = Debug|Any CPU
		{27842513-4343-2E65-F71E-1A01719A9502}.Debug|Any CPU.Build.0 = Debug|Any CPU
		{27842513-4343-2E65-F71E-1A01719A9502}.Release|Any CPU.ActiveCfg = Release|Any CPU
		{27842513-4343-2E65-F71E-1A01719A9502}.Release|Any CPU.Build.0 = Release|Any CPU
		{4C7F3FA1-06E6-DAC1-92A4-15D8488225B4}.Debug|Any CPU.ActiveCfg = Debug|Any CPU
		{4C7F3FA1-06E6-DAC1-92A4-15D8488225B4}.Debug|Any CPU.Build.0 = Debug|Any CPU
		{4C7F3FA1-06E6-DAC1-92A4-15D8488225B4}.Release|Any CPU.ActiveCfg = Release|Any CPU
		{4C7F3FA1-06E6-DAC1-92A4-15D8488225B4}.Release|Any CPU.Build.0 = Release|Any CPU
		{67DFEC7F-209E-DA4D-8F17-65E7CDC83FA3}.Debug|Any CPU.ActiveCfg = Debug|Any CPU
		{67DFEC7F-209E-DA4D-8F17-65E7CDC83FA3}.Debug|Any CPU.Build.0 = Debug|Any CPU
		{67DFEC7F-209E-DA4D-8F17-65E7CDC83FA3}.Release|Any CPU.ActiveCfg = Release|Any CPU
		{67DFEC7F-209E-DA4D-8F17-65E7CDC83FA3}.Release|Any CPU.Build.0 = Release|Any CPU
		{DEFCDF45-498F-A4FB-4B63-11C6346E7861}.Debug|Any CPU.ActiveCfg = Debug|Any CPU
		{DEFCDF45-498F-A4FB-4B63-11C6346E7861}.Debug|Any CPU.Build.0 = Debug|Any CPU
		{DEFCDF45-498F-A4FB-4B63-11C6346E7861}.Release|Any CPU.ActiveCfg = Release|Any CPU
		{DEFCDF45-498F-A4FB-4B63-11C6346E7861}.Release|Any CPU.Build.0 = Release|Any CPU
		{8C6CB56A-A90B-AAA4-4AAB-94E4AFA93982}.Debug|Any CPU.ActiveCfg = Debug|Any CPU
		{8C6CB56A-A90B-AAA4-4AAB-94E4AFA93982}.Debug|Any CPU.Build.0 = Debug|Any CPU
		{8C6CB56A-A90B-AAA4-4AAB-94E4AFA93982}.Release|Any CPU.ActiveCfg = Release|Any CPU
		{8C6CB56A-A90B-AAA4-4AAB-94E4AFA93982}.Release|Any CPU.Build.0 = Release|Any CPU
		{6CE7AEDC-4F4C-2FA4-61FB-AFD5C5C98617}.Debug|Any CPU.ActiveCfg = Debug|Any CPU
		{6CE7AEDC-4F4C-2FA4-61FB-AFD5C5C98617}.Debug|Any CPU.Build.0 = Debug|Any CPU
		{6CE7AEDC-4F4C-2FA4-61FB-AFD5C5C98617}.Release|Any CPU.ActiveCfg = Release|Any CPU
		{6CE7AEDC-4F4C-2FA4-61FB-AFD5C5C98617}.Release|Any CPU.Build.0 = Release|Any CPU
		{78CDC8D2-58F3-BA6F-A644-DF5241B21465}.Debug|Any CPU.ActiveCfg = Debug|Any CPU
		{78CDC8D2-58F3-BA6F-A644-DF5241B21465}.Debug|Any CPU.Build.0 = Debug|Any CPU
		{78CDC8D2-58F3-BA6F-A644-DF5241B21465}.Release|Any CPU.ActiveCfg = Release|Any CPU
		{78CDC8D2-58F3-BA6F-A644-DF5241B21465}.Release|Any CPU.Build.0 = Release|Any CPU
		{6BDC44CC-09A5-CB49-71ED-1B82758C8CE5}.Debug|Any CPU.ActiveCfg = Debug|Any CPU
		{6BDC44CC-09A5-CB49-71ED-1B82758C8CE5}.Debug|Any CPU.Build.0 = Debug|Any CPU
		{6BDC44CC-09A5-CB49-71ED-1B82758C8CE5}.Release|Any CPU.ActiveCfg = Release|Any CPU
		{6BDC44CC-09A5-CB49-71ED-1B82758C8CE5}.Release|Any CPU.Build.0 = Release|Any CPU
		{C7C27C96-21D0-DF7B-DF10-4EED33998836}.Debug|Any CPU.ActiveCfg = Debug|Any CPU
		{C7C27C96-21D0-DF7B-DF10-4EED33998836}.Debug|Any CPU.Build.0 = Debug|Any CPU
		{C7C27C96-21D0-DF7B-DF10-4EED33998836}.Release|Any CPU.ActiveCfg = Release|Any CPU
		{C7C27C96-21D0-DF7B-DF10-4EED33998836}.Release|Any CPU.Build.0 = Release|Any CPU
		{C1267836-19A6-9C2A-466A-5425A229D4C4}.Debug|Any CPU.ActiveCfg = Debug|Any CPU
		{C1267836-19A6-9C2A-466A-5425A229D4C4}.Debug|Any CPU.Build.0 = Debug|Any CPU
		{C1267836-19A6-9C2A-466A-5425A229D4C4}.Release|Any CPU.ActiveCfg = Release|Any CPU
		{C1267836-19A6-9C2A-466A-5425A229D4C4}.Release|Any CPU.Build.0 = Release|Any CPU
		{10773C38-3548-3A2D-51FF-1038CA18E1C1}.Debug|Any CPU.ActiveCfg = Debug|Any CPU
		{10773C38-3548-3A2D-51FF-1038CA18E1C1}.Debug|Any CPU.Build.0 = Debug|Any CPU
		{10773C38-3548-3A2D-51FF-1038CA18E1C1}.Release|Any CPU.ActiveCfg = Release|Any CPU
		{10773C38-3548-3A2D-51FF-1038CA18E1C1}.Release|Any CPU.Build.0 = Release|Any CPU
		{0AD13135-E73D-4E32-7310-84DB3E7FB8ED}.Debug|Any CPU.ActiveCfg = Debug|Any CPU
		{0AD13135-E73D-4E32-7310-84DB3E7FB8ED}.Debug|Any CPU.Build.0 = Debug|Any CPU
		{0AD13135-E73D-4E32-7310-84DB3E7FB8ED}.Release|Any CPU.ActiveCfg = Release|Any CPU
		{0AD13135-E73D-4E32-7310-84DB3E7FB8ED}.Release|Any CPU.Build.0 = Release|Any CPU
		{074C6648-A191-845F-C7F9-47C8A9F31C45}.Debug|Any CPU.ActiveCfg = Debug|Any CPU
		{074C6648-A191-845F-C7F9-47C8A9F31C45}.Debug|Any CPU.Build.0 = Debug|Any CPU
		{074C6648-A191-845F-C7F9-47C8A9F31C45}.Release|Any CPU.ActiveCfg = Release|Any CPU
		{074C6648-A191-845F-C7F9-47C8A9F31C45}.Release|Any CPU.Build.0 = Release|Any CPU
		{6A43C49A-A40C-7664-72E1-6DCCD7A4EF1E}.Debug|Any CPU.ActiveCfg = Debug|Any CPU
		{6A43C49A-A40C-7664-72E1-6DCCD7A4EF1E}.Debug|Any CPU.Build.0 = Debug|Any CPU
		{6A43C49A-A40C-7664-72E1-6DCCD7A4EF1E}.Release|Any CPU.ActiveCfg = Release|Any CPU
		{6A43C49A-A40C-7664-72E1-6DCCD7A4EF1E}.Release|Any CPU.Build.0 = Release|Any CPU
		{183F3C4D-2BAF-BC77-3C35-C880E74FBE1A}.Debug|Any CPU.ActiveCfg = Debug|Any CPU
		{183F3C4D-2BAF-BC77-3C35-C880E74FBE1A}.Debug|Any CPU.Build.0 = Debug|Any CPU
		{183F3C4D-2BAF-BC77-3C35-C880E74FBE1A}.Release|Any CPU.ActiveCfg = Release|Any CPU
		{183F3C4D-2BAF-BC77-3C35-C880E74FBE1A}.Release|Any CPU.Build.0 = Release|Any CPU
		{5E36A31B-94B0-68F5-9202-75853FC5CDCA}.Debug|Any CPU.ActiveCfg = Debug|Any CPU
		{5E36A31B-94B0-68F5-9202-75853FC5CDCA}.Debug|Any CPU.Build.0 = Debug|Any CPU
		{5E36A31B-94B0-68F5-9202-75853FC5CDCA}.Release|Any CPU.ActiveCfg = Release|Any CPU
		{5E36A31B-94B0-68F5-9202-75853FC5CDCA}.Release|Any CPU.Build.0 = Release|Any CPU
		{5930AA66-B7F1-63C7-4091-B1BB4A81E472}.Debug|Any CPU.ActiveCfg = Debug|Any CPU
		{5930AA66-B7F1-63C7-4091-B1BB4A81E472}.Debug|Any CPU.Build.0 = Debug|Any CPU
		{5930AA66-B7F1-63C7-4091-B1BB4A81E472}.Release|Any CPU.ActiveCfg = Release|Any CPU
		{5930AA66-B7F1-63C7-4091-B1BB4A81E472}.Release|Any CPU.Build.0 = Release|Any CPU
		{79EC6A34-D2F1-259A-CC96-B465B1994708}.Debug|Any CPU.ActiveCfg = Debug|Any CPU
		{79EC6A34-D2F1-259A-CC96-B465B1994708}.Debug|Any CPU.Build.0 = Debug|Any CPU
		{79EC6A34-D2F1-259A-CC96-B465B1994708}.Release|Any CPU.ActiveCfg = Release|Any CPU
		{79EC6A34-D2F1-259A-CC96-B465B1994708}.Release|Any CPU.Build.0 = Release|Any CPU
		{E0C5ABA7-583B-A943-87DE-19CB1415E678}.Debug|Any CPU.ActiveCfg = Debug|Any CPU
		{E0C5ABA7-583B-A943-87DE-19CB1415E678}.Debug|Any CPU.Build.0 = Debug|Any CPU
		{E0C5ABA7-583B-A943-87DE-19CB1415E678}.Release|Any CPU.ActiveCfg = Release|Any CPU
		{E0C5ABA7-583B-A943-87DE-19CB1415E678}.Release|Any CPU.Build.0 = Release|Any CPU
		{5B2F7EB8-5424-9388-D0B2-6C58E8E4A056}.Debug|Any CPU.ActiveCfg = Debug|Any CPU
		{5B2F7EB8-5424-9388-D0B2-6C58E8E4A056}.Debug|Any CPU.Build.0 = Debug|Any CPU
		{5B2F7EB8-5424-9388-D0B2-6C58E8E4A056}.Release|Any CPU.ActiveCfg = Release|Any CPU
		{5B2F7EB8-5424-9388-D0B2-6C58E8E4A056}.Release|Any CPU.Build.0 = Release|Any CPU
	EndGlobalSection
	GlobalSection(SolutionProperties) = preSolution
		HideSolutionNode = FALSE
	EndGlobalSection
EndGlobal
